// !$*UTF8*$!
{
	archiveVersion = 1;
	classes = {
	};
	objectVersion = 50;
	objects = {

/* Begin PBXBuildFile section */
		379800C32279546600A7D5E7 /* AppDelegate.swift in Sources */ = {isa = PBXBuildFile; fileRef = 379800C22279546600A7D5E7 /* AppDelegate.swift */; };
		379800C52279546600A7D5E7 /* TodoViewController.swift in Sources */ = {isa = PBXBuildFile; fileRef = 379800C42279546600A7D5E7 /* TodoViewController.swift */; };
		379800CA2279546700A7D5E7 /* Assets.xcassets in Resources */ = {isa = PBXBuildFile; fileRef = 379800C92279546700A7D5E7 /* Assets.xcassets */; };
		379800CD2279546700A7D5E7 /* LaunchScreen.storyboard in Resources */ = {isa = PBXBuildFile; fileRef = 379800CB2279546700A7D5E7 /* LaunchScreen.storyboard */; };
		379800D82279546700A7D5E7 /* TodoTests.swift in Sources */ = {isa = PBXBuildFile; fileRef = 379800D72279546700A7D5E7 /* TodoTests.swift */; };
		379800E32279546700A7D5E7 /* TodoUITests.swift in Sources */ = {isa = PBXBuildFile; fileRef = 379800E22279546700A7D5E7 /* TodoUITests.swift */; };
		379800FE2279861100A7D5E7 /* BoardCollectionViewCell.m in Sources */ = {isa = PBXBuildFile; fileRef = 379800FD2279861100A7D5E7 /* BoardCollectionViewCell.m */; };
		379801042279C0E000A7D5E7 /* Todo.xcdatamodeld in Sources */ = {isa = PBXBuildFile; fileRef = 379801022279C0E000A7D5E7 /* Todo.xcdatamodeld */; };
		3798015C227A79CF00A7D5E7 /* TaskTableViewCell.m in Sources */ = {isa = PBXBuildFile; fileRef = 3798015B227A79CF00A7D5E7 /* TaskTableViewCell.m */; };
		37AC85D9227D41D8005B3552 /* DataManager.swift in Sources */ = {isa = PBXBuildFile; fileRef = 37AC85D8227D41D8005B3552 /* DataManager.swift */; };
		37AC85EE227D4C83005B3552 /* Board+CoreDataClass.m in Sources */ = {isa = PBXBuildFile; fileRef = 37AC85E8227D4C83005B3552 /* Board+CoreDataClass.m */; };
		37AC85EF227D4C83005B3552 /* Board+CoreDataProperties.m in Sources */ = {isa = PBXBuildFile; fileRef = 37AC85E9227D4C83005B3552 /* Board+CoreDataProperties.m */; };
		37AC85F0227D4C83005B3552 /* Task+CoreDataClass.m in Sources */ = {isa = PBXBuildFile; fileRef = 37AC85EC227D4C83005B3552 /* Task+CoreDataClass.m */; };
		37AC85F1227D4C83005B3552 /* Task+CoreDataProperties.m in Sources */ = {isa = PBXBuildFile; fileRef = 37AC85ED227D4C83005B3552 /* Task+CoreDataProperties.m */; };
		37AC8600227EF367005B3552 /* TextFieldAlertPresentable.swift in Sources */ = {isa = PBXBuildFile; fileRef = 37AC85FF227EF367005B3552 /* TextFieldAlertPresentable.swift */; };
		37AC861322805864005B3552 /* DraggableCollectionView.m in Sources */ = {isa = PBXBuildFile; fileRef = 37AC861222805864005B3552 /* DraggableCollectionView.m */; };
/* End PBXBuildFile section */

/* Begin PBXContainerItemProxy section */
		379800D42279546700A7D5E7 /* PBXContainerItemProxy */ = {
			isa = PBXContainerItemProxy;
			containerPortal = 379800B72279546600A7D5E7 /* Project object */;
			proxyType = 1;
			remoteGlobalIDString = 379800BE2279546600A7D5E7;
			remoteInfo = Todo;
		};
		379800DF2279546700A7D5E7 /* PBXContainerItemProxy */ = {
			isa = PBXContainerItemProxy;
			containerPortal = 379800B72279546600A7D5E7 /* Project object */;
			proxyType = 1;
			remoteGlobalIDString = 379800BE2279546600A7D5E7;
			remoteInfo = Todo;
		};
/* End PBXContainerItemProxy section */

/* Begin PBXFileReference section */
		379800BF2279546600A7D5E7 /* Todo.app */ = {isa = PBXFileReference; explicitFileType = wrapper.application; includeInIndex = 0; path = Todo.app; sourceTree = BUILT_PRODUCTS_DIR; };
		379800C22279546600A7D5E7 /* AppDelegate.swift */ = {isa = PBXFileReference; lastKnownFileType = sourcecode.swift; path = AppDelegate.swift; sourceTree = "<group>"; };
		379800C42279546600A7D5E7 /* TodoViewController.swift */ = {isa = PBXFileReference; lastKnownFileType = sourcecode.swift; path = TodoViewController.swift; sourceTree = "<group>"; };
		379800C92279546700A7D5E7 /* Assets.xcassets */ = {isa = PBXFileReference; lastKnownFileType = folder.assetcatalog; path = Assets.xcassets; sourceTree = "<group>"; };
		379800CC2279546700A7D5E7 /* Base */ = {isa = PBXFileReference; lastKnownFileType = file.storyboard; name = Base; path = Base.lproj/LaunchScreen.storyboard; sourceTree = "<group>"; };
		379800CE2279546700A7D5E7 /* Info.plist */ = {isa = PBXFileReference; lastKnownFileType = text.plist.xml; path = Info.plist; sourceTree = "<group>"; };
		379800D32279546700A7D5E7 /* TodoTests.xctest */ = {isa = PBXFileReference; explicitFileType = wrapper.cfbundle; includeInIndex = 0; path = TodoTests.xctest; sourceTree = BUILT_PRODUCTS_DIR; };
		379800D72279546700A7D5E7 /* TodoTests.swift */ = {isa = PBXFileReference; lastKnownFileType = sourcecode.swift; path = TodoTests.swift; sourceTree = "<group>"; };
		379800D92279546700A7D5E7 /* Info.plist */ = {isa = PBXFileReference; lastKnownFileType = text.plist.xml; path = Info.plist; sourceTree = "<group>"; };
		379800DE2279546700A7D5E7 /* TodoUITests.xctest */ = {isa = PBXFileReference; explicitFileType = wrapper.cfbundle; includeInIndex = 0; path = TodoUITests.xctest; sourceTree = BUILT_PRODUCTS_DIR; };
		379800E22279546700A7D5E7 /* TodoUITests.swift */ = {isa = PBXFileReference; lastKnownFileType = sourcecode.swift; path = TodoUITests.swift; sourceTree = "<group>"; };
		379800E42279546700A7D5E7 /* Info.plist */ = {isa = PBXFileReference; lastKnownFileType = text.plist.xml; path = Info.plist; sourceTree = "<group>"; };
		379800F22279551B00A7D5E7 /* Todo-Bridging-Header.h */ = {isa = PBXFileReference; lastKnownFileType = sourcecode.c.h; path = "Todo-Bridging-Header.h"; sourceTree = "<group>"; };
		379800FC2279861100A7D5E7 /* BoardCollectionViewCell.h */ = {isa = PBXFileReference; lastKnownFileType = sourcecode.c.h; path = BoardCollectionViewCell.h; sourceTree = "<group>"; };
		379800FD2279861100A7D5E7 /* BoardCollectionViewCell.m */ = {isa = PBXFileReference; lastKnownFileType = sourcecode.c.objc; path = BoardCollectionViewCell.m; sourceTree = "<group>"; };
		379801032279C0E000A7D5E7 /* Todo.xcdatamodel */ = {isa = PBXFileReference; lastKnownFileType = wrapper.xcdatamodel; path = Todo.xcdatamodel; sourceTree = "<group>"; };
		3798015A227A79CF00A7D5E7 /* TaskTableViewCell.h */ = {isa = PBXFileReference; lastKnownFileType = sourcecode.c.h; path = TaskTableViewCell.h; sourceTree = "<group>"; };
		3798015B227A79CF00A7D5E7 /* TaskTableViewCell.m */ = {isa = PBXFileReference; lastKnownFileType = sourcecode.c.objc; path = TaskTableViewCell.m; sourceTree = "<group>"; };
		37AC85D8227D41D8005B3552 /* DataManager.swift */ = {isa = PBXFileReference; lastKnownFileType = sourcecode.swift; path = DataManager.swift; sourceTree = "<group>"; };
		37AC85E6227D4C83005B3552 /* Board+CoreDataProperties.h */ = {isa = PBXFileReference; lastKnownFileType = sourcecode.c.h; path = "Board+CoreDataProperties.h"; sourceTree = "<group>"; };
		37AC85E7227D4C83005B3552 /* Board+CoreDataClass.h */ = {isa = PBXFileReference; lastKnownFileType = sourcecode.c.h; path = "Board+CoreDataClass.h"; sourceTree = "<group>"; };
		37AC85E8227D4C83005B3552 /* Board+CoreDataClass.m */ = {isa = PBXFileReference; lastKnownFileType = sourcecode.c.objc; path = "Board+CoreDataClass.m"; sourceTree = "<group>"; };
		37AC85E9227D4C83005B3552 /* Board+CoreDataProperties.m */ = {isa = PBXFileReference; lastKnownFileType = sourcecode.c.objc; path = "Board+CoreDataProperties.m"; sourceTree = "<group>"; };
		37AC85EA227D4C83005B3552 /* Task+CoreDataProperties.h */ = {isa = PBXFileReference; lastKnownFileType = sourcecode.c.h; path = "Task+CoreDataProperties.h"; sourceTree = "<group>"; };
		37AC85EB227D4C83005B3552 /* Task+CoreDataClass.h */ = {isa = PBXFileReference; lastKnownFileType = sourcecode.c.h; path = "Task+CoreDataClass.h"; sourceTree = "<group>"; };
		37AC85EC227D4C83005B3552 /* Task+CoreDataClass.m */ = {isa = PBXFileReference; lastKnownFileType = sourcecode.c.objc; path = "Task+CoreDataClass.m"; sourceTree = "<group>"; };
		37AC85ED227D4C83005B3552 /* Task+CoreDataProperties.m */ = {isa = PBXFileReference; lastKnownFileType = sourcecode.c.objc; path = "Task+CoreDataProperties.m"; sourceTree = "<group>"; };
		37AC85FF227EF367005B3552 /* TextFieldAlertPresentable.swift */ = {isa = PBXFileReference; lastKnownFileType = sourcecode.swift; path = TextFieldAlertPresentable.swift; sourceTree = "<group>"; };
		37AC861122805864005B3552 /* DraggableCollectionView.h */ = {isa = PBXFileReference; lastKnownFileType = sourcecode.c.h; path = DraggableCollectionView.h; sourceTree = "<group>"; };
		37AC861222805864005B3552 /* DraggableCollectionView.m */ = {isa = PBXFileReference; lastKnownFileType = sourcecode.c.objc; path = DraggableCollectionView.m; sourceTree = "<group>"; };
/* End PBXFileReference section */

/* Begin PBXFrameworksBuildPhase section */
		379800BC2279546600A7D5E7 /* Frameworks */ = {
			isa = PBXFrameworksBuildPhase;
			buildActionMask = 2147483647;
			files = (
			);
			runOnlyForDeploymentPostprocessing = 0;
		};
		379800D02279546700A7D5E7 /* Frameworks */ = {
			isa = PBXFrameworksBuildPhase;
			buildActionMask = 2147483647;
			files = (
			);
			runOnlyForDeploymentPostprocessing = 0;
		};
		379800DB2279546700A7D5E7 /* Frameworks */ = {
			isa = PBXFrameworksBuildPhase;
			buildActionMask = 2147483647;
			files = (
			);
			runOnlyForDeploymentPostprocessing = 0;
		};
/* End PBXFrameworksBuildPhase section */

/* Begin PBXGroup section */
		379800B62279546600A7D5E7 = {
			isa = PBXGroup;
			children = (
				379800C12279546600A7D5E7 /* Todo */,
				379800D62279546700A7D5E7 /* TodoTests */,
				379800E12279546700A7D5E7 /* TodoUITests */,
				379800C02279546600A7D5E7 /* Products */,
			);
			sourceTree = "<group>";
		};
		379800C02279546600A7D5E7 /* Products */ = {
			isa = PBXGroup;
			children = (
				379800BF2279546600A7D5E7 /* Todo.app */,
				379800D32279546700A7D5E7 /* TodoTests.xctest */,
				379800DE2279546700A7D5E7 /* TodoUITests.xctest */,
			);
			name = Products;
			sourceTree = "<group>";
		};
		379800C12279546600A7D5E7 /* Todo */ = {
			isa = PBXGroup;
			children = (
				379800C22279546600A7D5E7 /* AppDelegate.swift */,
				379800F22279551B00A7D5E7 /* Todo-Bridging-Header.h */,
				379800CE2279546700A7D5E7 /* Info.plist */,
				37AC85F8227D5BB7005B3552 /* Model */,
				37AC85F9227D5BD1005B3552 /* View */,
				37AC85FC227D5C00005B3552 /* Controller */,
				37AC85FE227EF31E005B3552 /* Extension */,
				37AC85F7227D5BA9005B3552 /* Manager */,
				37AC85FD227D5C1F005B3552 /* Resources */,
			);
			path = Todo;
			sourceTree = "<group>";
		};
		379800D62279546700A7D5E7 /* TodoTests */ = {
			isa = PBXGroup;
			children = (
				379800D72279546700A7D5E7 /* TodoTests.swift */,
				379800D92279546700A7D5E7 /* Info.plist */,
			);
			path = TodoTests;
			sourceTree = "<group>";
		};
		379800E12279546700A7D5E7 /* TodoUITests */ = {
			isa = PBXGroup;
			children = (
				379800E22279546700A7D5E7 /* TodoUITests.swift */,
				379800E42279546700A7D5E7 /* Info.plist */,
			);
			path = TodoUITests;
			sourceTree = "<group>";
		};
		37AC85F7227D5BA9005B3552 /* Manager */ = {
			isa = PBXGroup;
			children = (
				37AC85D8227D41D8005B3552 /* DataManager.swift */,
			);
			path = Manager;
			sourceTree = "<group>";
		};
		37AC85F8227D5BB7005B3552 /* Model */ = {
			isa = PBXGroup;
			children = (
				37AC85E7227D4C83005B3552 /* Board+CoreDataClass.h */,
				37AC85E8227D4C83005B3552 /* Board+CoreDataClass.m */,
				37AC85E6227D4C83005B3552 /* Board+CoreDataProperties.h */,
				37AC85E9227D4C83005B3552 /* Board+CoreDataProperties.m */,
				37AC85EB227D4C83005B3552 /* Task+CoreDataClass.h */,
				37AC85EC227D4C83005B3552 /* Task+CoreDataClass.m */,
				37AC85EA227D4C83005B3552 /* Task+CoreDataProperties.h */,
				37AC85ED227D4C83005B3552 /* Task+CoreDataProperties.m */,
				379801022279C0E000A7D5E7 /* Todo.xcdatamodeld */,
			);
			path = Model;
			sourceTree = "<group>";
		};
		37AC85F9227D5BD1005B3552 /* View */ = {
			isa = PBXGroup;
			children = (
				379800CB2279546700A7D5E7 /* LaunchScreen.storyboard */,
				379800FC2279861100A7D5E7 /* BoardCollectionViewCell.h */,
				379800FD2279861100A7D5E7 /* BoardCollectionViewCell.m */,
				3798015A227A79CF00A7D5E7 /* TaskTableViewCell.h */,
				3798015B227A79CF00A7D5E7 /* TaskTableViewCell.m */,
				37AC861122805864005B3552 /* DraggableCollectionView.h */,
				37AC861222805864005B3552 /* DraggableCollectionView.m */,
			);
			path = View;
			sourceTree = "<group>";
		};
		37AC85FC227D5C00005B3552 /* Controller */ = {
			isa = PBXGroup;
			children = (
				379800C42279546600A7D5E7 /* TodoViewController.swift */,
			);
			path = Controller;
			sourceTree = "<group>";
		};
		37AC85FD227D5C1F005B3552 /* Resources */ = {
			isa = PBXGroup;
			children = (
				379800C92279546700A7D5E7 /* Assets.xcassets */,
			);
			path = Resources;
			sourceTree = "<group>";
		};
		37AC85FE227EF31E005B3552 /* Extension */ = {
			isa = PBXGroup;
			children = (
				37AC85FF227EF367005B3552 /* TextFieldAlertPresentable.swift */,
			);
			path = Extension;
			sourceTree = "<group>";
		};
/* End PBXGroup section */

/* Begin PBXNativeTarget section */
		379800BE2279546600A7D5E7 /* Todo */ = {
			isa = PBXNativeTarget;
			buildConfigurationList = 379800E72279546700A7D5E7 /* Build configuration list for PBXNativeTarget "Todo" */;
			buildPhases = (
				379800BB2279546600A7D5E7 /* Sources */,
				379800BC2279546600A7D5E7 /* Frameworks */,
				379800BD2279546600A7D5E7 /* Resources */,
			);
			buildRules = (
			);
			dependencies = (
			);
			name = Todo;
			productName = Todo;
			productReference = 379800BF2279546600A7D5E7 /* Todo.app */;
			productType = "com.apple.product-type.application";
		};
		379800D22279546700A7D5E7 /* TodoTests */ = {
			isa = PBXNativeTarget;
			buildConfigurationList = 379800EA2279546700A7D5E7 /* Build configuration list for PBXNativeTarget "TodoTests" */;
			buildPhases = (
				379800CF2279546700A7D5E7 /* Sources */,
				379800D02279546700A7D5E7 /* Frameworks */,
				379800D12279546700A7D5E7 /* Resources */,
			);
			buildRules = (
			);
			dependencies = (
				379800D52279546700A7D5E7 /* PBXTargetDependency */,
			);
			name = TodoTests;
			productName = TodoTests;
			productReference = 379800D32279546700A7D5E7 /* TodoTests.xctest */;
			productType = "com.apple.product-type.bundle.unit-test";
		};
		379800DD2279546700A7D5E7 /* TodoUITests */ = {
			isa = PBXNativeTarget;
			buildConfigurationList = 379800ED2279546700A7D5E7 /* Build configuration list for PBXNativeTarget "TodoUITests" */;
			buildPhases = (
				379800DA2279546700A7D5E7 /* Sources */,
				379800DB2279546700A7D5E7 /* Frameworks */,
				379800DC2279546700A7D5E7 /* Resources */,
			);
			buildRules = (
			);
			dependencies = (
				379800E02279546700A7D5E7 /* PBXTargetDependency */,
			);
			name = TodoUITests;
			productName = TodoUITests;
			productReference = 379800DE2279546700A7D5E7 /* TodoUITests.xctest */;
			productType = "com.apple.product-type.bundle.ui-testing";
		};
/* End PBXNativeTarget section */

/* Begin PBXProject section */
		379800B72279546600A7D5E7 /* Project object */ = {
			isa = PBXProject;
			attributes = {
				LastSwiftUpdateCheck = 1020;
				LastUpgradeCheck = 1020;
				ORGANIZATIONNAME = huiqinlab;
				TargetAttributes = {
					379800BE2279546600A7D5E7 = {
						CreatedOnToolsVersion = 10.2.1;
						LastSwiftMigration = 1020;
					};
					379800D22279546700A7D5E7 = {
						CreatedOnToolsVersion = 10.2.1;
						TestTargetID = 379800BE2279546600A7D5E7;
					};
					379800DD2279546700A7D5E7 = {
						CreatedOnToolsVersion = 10.2.1;
						TestTargetID = 379800BE2279546600A7D5E7;
					};
				};
			};
			buildConfigurationList = 379800BA2279546600A7D5E7 /* Build configuration list for PBXProject "Todo" */;
			compatibilityVersion = "Xcode 9.3";
			developmentRegion = en;
			hasScannedForEncodings = 0;
			knownRegions = (
				en,
				Base,
			);
			mainGroup = 379800B62279546600A7D5E7;
			productRefGroup = 379800C02279546600A7D5E7 /* Products */;
			projectDirPath = "";
			projectRoot = "";
			targets = (
				379800BE2279546600A7D5E7 /* Todo */,
				379800D22279546700A7D5E7 /* TodoTests */,
				379800DD2279546700A7D5E7 /* TodoUITests */,
			);
		};
/* End PBXProject section */

/* Begin PBXResourcesBuildPhase section */
		379800BD2279546600A7D5E7 /* Resources */ = {
			isa = PBXResourcesBuildPhase;
			buildActionMask = 2147483647;
			files = (
				379800CD2279546700A7D5E7 /* LaunchScreen.storyboard in Resources */,
				379800CA2279546700A7D5E7 /* Assets.xcassets in Resources */,
			);
			runOnlyForDeploymentPostprocessing = 0;
		};
		379800D12279546700A7D5E7 /* Resources */ = {
			isa = PBXResourcesBuildPhase;
			buildActionMask = 2147483647;
			files = (
			);
			runOnlyForDeploymentPostprocessing = 0;
		};
		379800DC2279546700A7D5E7 /* Resources */ = {
			isa = PBXResourcesBuildPhase;
			buildActionMask = 2147483647;
			files = (
			);
			runOnlyForDeploymentPostprocessing = 0;
		};
/* End PBXResourcesBuildPhase section */

/* Begin PBXSourcesBuildPhase section */
		379800BB2279546600A7D5E7 /* Sources */ = {
			isa = PBXSourcesBuildPhase;
			buildActionMask = 2147483647;
			files = (
				37AC85F0227D4C83005B3552 /* Task+CoreDataClass.m in Sources */,
				3798015C227A79CF00A7D5E7 /* TaskTableViewCell.m in Sources */,
				37AC8600227EF367005B3552 /* TextFieldAlertPresentable.swift in Sources */,
				37AC85F1227D4C83005B3552 /* Task+CoreDataProperties.m in Sources */,
				37AC861322805864005B3552 /* DraggableCollectionView.m in Sources */,
				379801042279C0E000A7D5E7 /* Todo.xcdatamodeld in Sources */,
				379800FE2279861100A7D5E7 /* BoardCollectionViewCell.m in Sources */,
				37AC85EE227D4C83005B3552 /* Board+CoreDataClass.m in Sources */,
				37AC85D9227D41D8005B3552 /* DataManager.swift in Sources */,
				379800C52279546600A7D5E7 /* TodoViewController.swift in Sources */,
				37AC85EF227D4C83005B3552 /* Board+CoreDataProperties.m in Sources */,
				379800C32279546600A7D5E7 /* AppDelegate.swift in Sources */,
			);
			runOnlyForDeploymentPostprocessing = 0;
		};
		379800CF2279546700A7D5E7 /* Sources */ = {
			isa = PBXSourcesBuildPhase;
			buildActionMask = 2147483647;
			files = (
				379800D82279546700A7D5E7 /* TodoTests.swift in Sources */,
			);
			runOnlyForDeploymentPostprocessing = 0;
		};
		379800DA2279546700A7D5E7 /* Sources */ = {
			isa = PBXSourcesBuildPhase;
			buildActionMask = 2147483647;
			files = (
				379800E32279546700A7D5E7 /* TodoUITests.swift in Sources */,
			);
			runOnlyForDeploymentPostprocessing = 0;
		};
/* End PBXSourcesBuildPhase section */

/* Begin PBXTargetDependency section */
		379800D52279546700A7D5E7 /* PBXTargetDependency */ = {
			isa = PBXTargetDependency;
			target = 379800BE2279546600A7D5E7 /* Todo */;
			targetProxy = 379800D42279546700A7D5E7 /* PBXContainerItemProxy */;
		};
		379800E02279546700A7D5E7 /* PBXTargetDependency */ = {
			isa = PBXTargetDependency;
			target = 379800BE2279546600A7D5E7 /* Todo */;
			targetProxy = 379800DF2279546700A7D5E7 /* PBXContainerItemProxy */;
		};
/* End PBXTargetDependency section */

/* Begin PBXVariantGroup section */
		379800CB2279546700A7D5E7 /* LaunchScreen.storyboard */ = {
			isa = PBXVariantGroup;
			children = (
				379800CC2279546700A7D5E7 /* Base */,
			);
			name = LaunchScreen.storyboard;
			sourceTree = "<group>";
		};
/* End PBXVariantGroup section */

/* Begin XCBuildConfiguration section */
		379800E52279546700A7D5E7 /* Debug */ = {
			isa = XCBuildConfiguration;
			buildSettings = {
				ALWAYS_SEARCH_USER_PATHS = NO;
				CLANG_ANALYZER_NONNULL = YES;
				CLANG_ANALYZER_NUMBER_OBJECT_CONVERSION = YES_AGGRESSIVE;
				CLANG_CXX_LANGUAGE_STANDARD = "gnu++14";
				CLANG_CXX_LIBRARY = "libc++";
				CLANG_ENABLE_MODULES = YES;
				CLANG_ENABLE_OBJC_ARC = YES;
				CLANG_ENABLE_OBJC_WEAK = YES;
				CLANG_WARN_BLOCK_CAPTURE_AUTORELEASING = YES;
				CLANG_WARN_BOOL_CONVERSION = YES;
				CLANG_WARN_COMMA = YES;
				CLANG_WARN_CONSTANT_CONVERSION = YES;
				CLANG_WARN_DEPRECATED_OBJC_IMPLEMENTATIONS = YES;
				CLANG_WARN_DIRECT_OBJC_ISA_USAGE = YES_ERROR;
				CLANG_WARN_DOCUMENTATION_COMMENTS = YES;
				CLANG_WARN_EMPTY_BODY = YES;
				CLANG_WARN_ENUM_CONVERSION = YES;
				CLANG_WARN_INFINITE_RECURSION = YES;
				CLANG_WARN_INT_CONVERSION = YES;
				CLANG_WARN_NON_LITERAL_NULL_CONVERSION = YES;
				CLANG_WARN_OBJC_IMPLICIT_RETAIN_SELF = YES;
				CLANG_WARN_OBJC_LITERAL_CONVERSION = YES;
				CLANG_WARN_OBJC_ROOT_CLASS = YES_ERROR;
				CLANG_WARN_RANGE_LOOP_ANALYSIS = YES;
				CLANG_WARN_STRICT_PROTOTYPES = YES;
				CLANG_WARN_SUSPICIOUS_MOVE = YES;
				CLANG_WARN_UNGUARDED_AVAILABILITY = YES_AGGRESSIVE;
				CLANG_WARN_UNREACHABLE_CODE = YES;
				CLANG_WARN__DUPLICATE_METHOD_MATCH = YES;
				CODE_SIGN_IDENTITY = "iPhone Developer";
				COPY_PHASE_STRIP = NO;
				DEBUG_INFORMATION_FORMAT = dwarf;
				ENABLE_STRICT_OBJC_MSGSEND = YES;
				ENABLE_TESTABILITY = YES;
				GCC_C_LANGUAGE_STANDARD = gnu11;
				GCC_DYNAMIC_NO_PIC = NO;
				GCC_NO_COMMON_BLOCKS = YES;
				GCC_OPTIMIZATION_LEVEL = 0;
				GCC_PREPROCESSOR_DEFINITIONS = (
					"DEBUG=1",
					"$(inherited)",
				);
				GCC_WARN_64_TO_32_BIT_CONVERSION = YES;
				GCC_WARN_ABOUT_RETURN_TYPE = YES_ERROR;
				GCC_WARN_UNDECLARED_SELECTOR = YES;
				GCC_WARN_UNINITIALIZED_AUTOS = YES_AGGRESSIVE;
				GCC_WARN_UNUSED_FUNCTION = YES;
				GCC_WARN_UNUSED_VARIABLE = YES;
				IPHONEOS_DEPLOYMENT_TARGET = 12.2;
				MTL_ENABLE_DEBUG_INFO = INCLUDE_SOURCE;
				MTL_FAST_MATH = YES;
				ONLY_ACTIVE_ARCH = YES;
				SDKROOT = iphoneos;
				SWIFT_ACTIVE_COMPILATION_CONDITIONS = DEBUG;
				SWIFT_OPTIMIZATION_LEVEL = "-Onone";
			};
			name = Debug;
		};
		379800E62279546700A7D5E7 /* Release */ = {
			isa = XCBuildConfiguration;
			buildSettings = {
				ALWAYS_SEARCH_USER_PATHS = NO;
				CLANG_ANALYZER_NONNULL = YES;
				CLANG_ANALYZER_NUMBER_OBJECT_CONVERSION = YES_AGGRESSIVE;
				CLANG_CXX_LANGUAGE_STANDARD = "gnu++14";
				CLANG_CXX_LIBRARY = "libc++";
				CLANG_ENABLE_MODULES = YES;
				CLANG_ENABLE_OBJC_ARC = YES;
				CLANG_ENABLE_OBJC_WEAK = YES;
				CLANG_WARN_BLOCK_CAPTURE_AUTORELEASING = YES;
				CLANG_WARN_BOOL_CONVERSION = YES;
				CLANG_WARN_COMMA = YES;
				CLANG_WARN_CONSTANT_CONVERSION = YES;
				CLANG_WARN_DEPRECATED_OBJC_IMPLEMENTATIONS = YES;
				CLANG_WARN_DIRECT_OBJC_ISA_USAGE = YES_ERROR;
				CLANG_WARN_DOCUMENTATION_COMMENTS = YES;
				CLANG_WARN_EMPTY_BODY = YES;
				CLANG_WARN_ENUM_CONVERSION = YES;
				CLANG_WARN_INFINITE_RECURSION = YES;
				CLANG_WARN_INT_CONVERSION = YES;
				CLANG_WARN_NON_LITERAL_NULL_CONVERSION = YES;
				CLANG_WARN_OBJC_IMPLICIT_RETAIN_SELF = YES;
				CLANG_WARN_OBJC_LITERAL_CONVERSION = YES;
				CLANG_WARN_OBJC_ROOT_CLASS = YES_ERROR;
				CLANG_WARN_RANGE_LOOP_ANALYSIS = YES;
				CLANG_WARN_STRICT_PROTOTYPES = YES;
				CLANG_WARN_SUSPICIOUS_MOVE = YES;
				CLANG_WARN_UNGUARDED_AVAILABILITY = YES_AGGRESSIVE;
				CLANG_WARN_UNREACHABLE_CODE = YES;
				CLANG_WARN__DUPLICATE_METHOD_MATCH = YES;
				CODE_SIGN_IDENTITY = "iPhone Developer";
				COPY_PHASE_STRIP = NO;
				DEBUG_INFORMATION_FORMAT = "dwarf-with-dsym";
				ENABLE_NS_ASSERTIONS = NO;
				ENABLE_STRICT_OBJC_MSGSEND = YES;
				GCC_C_LANGUAGE_STANDARD = gnu11;
				GCC_NO_COMMON_BLOCKS = YES;
				GCC_WARN_64_TO_32_BIT_CONVERSION = YES;
				GCC_WARN_ABOUT_RETURN_TYPE = YES_ERROR;
				GCC_WARN_UNDECLARED_SELECTOR = YES;
				GCC_WARN_UNINITIALIZED_AUTOS = YES_AGGRESSIVE;
				GCC_WARN_UNUSED_FUNCTION = YES;
				GCC_WARN_UNUSED_VARIABLE = YES;
				IPHONEOS_DEPLOYMENT_TARGET = 12.2;
				MTL_ENABLE_DEBUG_INFO = NO;
				MTL_FAST_MATH = YES;
				SDKROOT = iphoneos;
				SWIFT_COMPILATION_MODE = wholemodule;
				SWIFT_OPTIMIZATION_LEVEL = "-O";
				VALIDATE_PRODUCT = YES;
			};
			name = Release;
		};
		379800E82279546700A7D5E7 /* Debug */ = {
			isa = XCBuildConfiguration;
			buildSettings = {
				ALWAYS_EMBED_SWIFT_STANDARD_LIBRARIES = NO;
				ASSETCATALOG_COMPILER_APPICON_NAME = AppIcon;
				CLANG_ENABLE_MODULES = YES;
				CODE_SIGN_STYLE = Automatic;
				DEVELOPMENT_TEAM = WN7V349FR9;
				INFOPLIST_FILE = Todo/Info.plist;
				IPHONEOS_DEPLOYMENT_TARGET = 11.0;
				LD_RUNPATH_SEARCH_PATHS = (
					"$(inherited)",
					"@executable_path/Frameworks",
				);
				PRODUCT_BUNDLE_IDENTIFIER = com.huiqinlab.products.Todo;
				PRODUCT_NAME = "$(TARGET_NAME)";
				STRIP_SWIFT_SYMBOLS = YES;
				SWIFT_OBJC_BRIDGING_HEADER = "Todo/Todo-Bridging-Header.h";
				SWIFT_OPTIMIZATION_LEVEL = "-Onone";
				SWIFT_VERSION = 5.0;
				TARGETED_DEVICE_FAMILY = "1,2";
			};
			name = Debug;
		};
		379800E92279546700A7D5E7 /* Release */ = {
			isa = XCBuildConfiguration;
			buildSettings = {
				ALWAYS_EMBED_SWIFT_STANDARD_LIBRARIES = NO;
				ASSETCATALOG_COMPILER_APPICON_NAME = AppIcon;
				CLANG_ENABLE_MODULES = YES;
				CODE_SIGN_STYLE = Automatic;
				DEVELOPMENT_TEAM = WN7V349FR9;
				INFOPLIST_FILE = Todo/Info.plist;
				IPHONEOS_DEPLOYMENT_TARGET = 11.0;
				LD_RUNPATH_SEARCH_PATHS = (
					"$(inherited)",
					"@executable_path/Frameworks",
				);
				PRODUCT_BUNDLE_IDENTIFIER = com.huiqinlab.products.Todo;
				PRODUCT_NAME = "$(TARGET_NAME)";
				STRIP_SWIFT_SYMBOLS = YES;
				SWIFT_OBJC_BRIDGING_HEADER = "Todo/Todo-Bridging-Header.h";
				SWIFT_VERSION = 5.0;
				TARGETED_DEVICE_FAMILY = "1,2";
			};
			name = Release;
		};
		379800EB2279546700A7D5E7 /* Debug */ = {
			isa = XCBuildConfiguration;
			buildSettings = {
				ALWAYS_EMBED_SWIFT_STANDARD_LIBRARIES = YES;
				BUNDLE_LOADER = "$(TEST_HOST)";
				CODE_SIGN_STYLE = Automatic;
				DEVELOPMENT_TEAM = BLV2C98A87;
				INFOPLIST_FILE = TodoTests/Info.plist;
				LD_RUNPATH_SEARCH_PATHS = (
					"$(inherited)",
					"@executable_path/Frameworks",
					"@loader_path/Frameworks",
				);
				PRODUCT_BUNDLE_IDENTIFIER = com.huiqinlab.products.TodoTests;
				PRODUCT_NAME = "$(TARGET_NAME)";
				SWIFT_VERSION = 5.0;
				TARGETED_DEVICE_FAMILY = "1,2";
				TEST_HOST = "$(BUILT_PRODUCTS_DIR)/Todo.app/Todo";
			};
			name = Debug;
		};
		379800EC2279546700A7D5E7 /* Release */ = {
			isa = XCBuildConfiguration;
			buildSettings = {
				ALWAYS_EMBED_SWIFT_STANDARD_LIBRARIES = YES;
				BUNDLE_LOADER = "$(TEST_HOST)";
				CODE_SIGN_STYLE = Automatic;
				DEVELOPMENT_TEAM = BLV2C98A87;
				INFOPLIST_FILE = TodoTests/Info.plist;
				LD_RUNPATH_SEARCH_PATHS = (
					"$(inherited)",
					"@executable_path/Frameworks",
					"@loader_path/Frameworks",
				);
				PRODUCT_BUNDLE_IDENTIFIER = com.huiqinlab.products.TodoTests;
				PRODUCT_NAME = "$(TARGET_NAME)";
				SWIFT_VERSION = 5.0;
				TARGETED_DEVICE_FAMILY = "1,2";
				TEST_HOST = "$(BUILT_PRODUCTS_DIR)/Todo.app/Todo";
			};
			name = Release;
		};
		379800EE2279546700A7D5E7 /* Debug */ = {
			isa = XCBuildConfiguration;
			buildSettings = {
				ALWAYS_EMBED_SWIFT_STANDARD_LIBRARIES = YES;
				CODE_SIGN_STYLE = Automatic;
				DEVELOPMENT_TEAM = BLV2C98A87;
				INFOPLIST_FILE = TodoUITests/Info.plist;
				LD_RUNPATH_SEARCH_PATHS = (
					"$(inherited)",
					"@executable_path/Frameworks",
					"@loader_path/Frameworks",
				);
				PRODUCT_BUNDLE_IDENTIFIER = com.huiqinlab.products.TodoUITests;
				PRODUCT_NAME = "$(TARGET_NAME)";
				SWIFT_VERSION = 5.0;
				TARGETED_DEVICE_FAMILY = "1,2";
				TEST_TARGET_NAME = Todo;
			};
			name = Debug;
		};
		379800EF2279546700A7D5E7 /* Release */ = {
			isa = XCBuildConfiguration;
			buildSettings = {
				ALWAYS_EMBED_SWIFT_STANDARD_LIBRARIES = YES;
				CODE_SIGN_STYLE = Automatic;
				DEVELOPMENT_TEAM = BLV2C98A87;
				INFOPLIST_FILE = TodoUITests/Info.plist;
				LD_RUNPATH_SEARCH_PATHS = (
					"$(inherited)",
					"@executable_path/Frameworks",
					"@loader_path/Frameworks",
				);
				PRODUCT_BUNDLE_IDENTIFIER = com.huiqinlab.products.TodoUITests;
				PRODUCT_NAME = "$(TARGET_NAME)";
				SWIFT_VERSION = 5.0;
				TARGETED_DEVICE_FAMILY = "1,2";
				TEST_TARGET_NAME = Todo;
			};
			name = Release;
		};
/* End XCBuildConfiguration section */

/* Begin XCConfigurationList section */
		379800BA2279546600A7D5E7 /* Build configuration list for PBXProject "Todo" */ = {
			isa = XCConfigurationList;
			buildConfigurations = (
				379800E52279546700A7D5E7 /* Debug */,
				379800E62279546700A7D5E7 /* Release */,
			);
			defaultConfigurationIsVisible = 0;
			defaultConfigurationName = Release;
		};
		379800E72279546700A7D5E7 /* Build configuration list for PBXNativeTarget "Todo" */ = {
			isa = XCConfigurationList;
			buildConfigurations = (
				379800E82279546700A7D5E7 /* Debug */,
				379800E92279546700A7D5E7 /* Release */,
			);
			defaultConfigurationIsVisible = 0;
			defaultConfigurationName = Release;
		};
		379800EA2279546700A7D5E7 /* Build configuration list for PBXNativeTarget "TodoTests" */ = {
			isa = XCConfigurationList;
			buildConfigurations = (
				379800EB2279546700A7D5E7 /* Debug */,
				379800EC2279546700A7D5E7 /* Release */,
			);
			defaultConfigurationIsVisible = 0;
			defaultConfigurationName = Release;
		};
		379800ED2279546700A7D5E7 /* Build configuration list for PBXNativeTarget "TodoUITests" */ = {
			isa = XCConfigurationList;
			buildConfigurations = (
				379800EE2279546700A7D5E7 /* Debug */,
				379800EF2279546700A7D5E7 /* Release */,
			);
			defaultConfigurationIsVisible = 0;
			defaultConfigurationName = Release;
		};
/* End XCConfigurationList section */

/* Begin XCVersionGroup section */
		379801022279C0E000A7D5E7 /* Todo.xcdatamodeld */ = {
			isa = XCVersionGroup;
			children = (
				379801032279C0E000A7D5E7 /* Todo.xcdatamodel */,
			);
			currentVersion = 379801032279C0E000A7D5E7 /* Todo.xcdatamodel */;
			path = Todo.xcdatamodeld;
			sourceTree = "<group>";
			versionGroupType = wrapper.xcdatamodel;
		};
/* End XCVersionGroup section */
	};
	rootObject = 379800B72279546600A7D5E7 /* Project object */;
}
